
Microsoft Visual Studio Solution File, Format Version 12.00
# Visual Studio 15
VisualStudioVersion = 15.0.28307.329
MinimumVisualStudioVersion = 10.0.40219.1
Project("{FAE04EC0-301F-11D3-BF4B-00C04F79EFBC}") = "ConsoleApp4", "ConsoleApp4\ConsoleApp4.csproj", "{95211D4C-5AB2-413A-BB06-9B57607C448E}"
EndProject
Global
	GlobalSection(SolutionConfigurationPlatforms) = preSolution
		Debug|Any CPU = Debug|Any CPU
		Release|Any CPU = Release|Any CPU
	EndGlobalSection
	GlobalSection(ProjectConfigurationPlatforms) = postSolution
		{95211D4C-5AB2-413A-BB06-9B57607C448E}.Debug|Any CPU.ActiveCfg = Debug|Any CPU
		{95211D4C-5AB2-413A-BB06-9B57607C448E}.Debug|Any CPU.Build.0 = Debug|Any CPU
		{95211D4C-5AB2-413A-BB06-9B57607C448E}.Release|Any CPU.ActiveCfg = Release|Any CPU
		{95211D4C-5AB2-413A-BB06-9B57607C448E}.Release|Any CPU.Build.0 = Release|Any CPU
	EndGlobalSection
	GlobalSection(SolutionProperties) = preSolution
		HideSolutionNode = FALSE
	EndGlobalSection
	GlobalSection(ExtensibilityGlobals) = postSolution
		SolutionGuid = {39B6CD1C-B9A0-4B3F-809B-7E15B8574807}
	EndGlobalSection
EndGlobal
